<?xml version="1.0" encoding="UTF-8" standalone="yes" ?>
<CodeBlocks_project_file>
	<FileVersion major="1" minor="6" />
	<Project>
		<Option title="Project1" />
		<Option pch_mode="2" />
		<Option compiler="gcc" />
		<Build>
			<Target title="default">
				<Option output="tests" prefix_auto="1" extension_auto="1" />
				<Option type="1" />
				<Option compiler="gcc" />
			</Target>
		</Build>
		<Compiler>
			<Add option="-DUNIT_TEST" />
			<Add option="-DDEBUG" />
			<Add option="-DSUCCESS=1" />
			<Add option="-DSKIPPED=-1" />
			<Add directory="C:/pdcurses/win32a" />
			<Add directory="C:/sean/game2" />
		</Compiler>
		<Linker>
			<Add option="C:\pdcurses\win32\pdcurses.a" />
			<Add option="C:\sean\game2\code\sqlite3.o" />
			<Add directory="C:/sean/game2" />
		</Linker>
		<Unit filename="../code/ascii.cpp" />
		<Unit filename="../code/cache.cpp" />
		<Unit filename="../code/character.cpp" />
		<Unit filename="../code/characterPool.cpp" />
		<Unit filename="../code/command.cpp" />
		<Unit filename="../code/database.cpp" />
		<Unit filename="../code/event.cpp" />
		<Unit filename="../code/game.cpp" />
		<Unit filename="../code/location.cpp" />
		<Unit filename="../code/logging.cpp" />
		<Unit filename="../code/object.cpp" />
		<Unit filename="../code/pool.cpp" />
		<Unit filename="../code/randomc.cpp" />
		<Unit filename="../code/screens.cpp" />
		<Unit filename="../code/service.cpp" />
		<Unit filename="../code/turnBased.cpp" />
		<Unit filename="../code/utility.cpp" />
		<Unit filename="code/characterPoolTest.cpp" />
		<Unit filename="code/displayTest.cpp" />
		<Unit filename="code/locationTest.cpp" />
		<Unit filename="code/mersenneTest.cpp" />
		<Unit filename="code/poolTest.cpp" />
		<Unit filename="code/testHarness.cpp" />
		<Unit filename="includes/characterPoolTest.hpp" />
		<Unit filename="includes/displayTest.hpp" />
		<Unit filename="includes/locationTest.hpp" />
		<Unit filename="includes/poolTest.hpp" />
		<Unit filename="includes/randomcTest.hpp" />
		<Unit filename="includes/testHarness.hpp" />
		<Unit filename="main.cpp" />
		<Extensions>
			<code_completion />
			<envvars />
			<debugger />
			<lib_finder disable_auto="1" />
		</Extensions>
	</Project>
</CodeBlocks_project_file>
